
Microsoft Visual Studio Solution File, Format Version 12.00
# Visual Studio Version 17
VisualStudioVersion = 17.3.32811.315
MinimumVisualStudioVersion = 10.0.40219.1
Project("{FAE04EC0-301F-11D3-BF4B-00C04F79EFBC}") = "BadgeCounters", "BadgeCounters.csproj", "{FD262E77-FCC3-4A4A-BD48-DD0C6BBADE0B}"
EndProject
Global
	GlobalSection(SolutionConfigurationPlatforms) = preSolution
		Debug|Any CPU = Debug|Any CPU
		Release|Any CPU = Release|Any CPU
	EndGlobalSection
	GlobalSection(ProjectConfigurationPlatforms) = postSolution
		{FD262E77-FCC3-4A4A-BD48-DD0C6BBADE0B}.Debug|Any CPU.ActiveCfg = Debug|Any CPU
		{FD262E77-FCC3-4A4A-BD48-DD0C6BBADE0B}.Debug|Any CPU.Build.0 = Debug|Any CPU
		{FD262E77-FCC3-4A4A-BD48-DD0C6BBADE0B}.Release|Any CPU.ActiveCfg = Release|Any CPU
		{FD262E77-FCC3-4A4A-BD48-DD0C6BBADE0B}.Release|Any CPU.Build.0 = Release|Any CPU
	EndGlobalSection
	GlobalSection(SolutionProperties) = preSolution
		HideSolutionNode = FALSE
	EndGlobalSection
	GlobalSection(ExtensibilityGlobals) = postSolution
		SolutionGuid = {FC83418C-9A5C-4931-A2C7-BB5E36F27986}
	EndGlobalSection
EndGlobal
